# This file is automatically @generated by Cargo.
# It is not intended for manual editing.
version = 4

[[package]]
name = "lepton3"
version = "4.0.0"
dependencies = [
 "lepton_image",
 "lepton_opcodes",
 "lepton_vm",
]

[[package]]
name = "lepton_image"
version = "2.0.0"
dependencies = [
 "lepton_opcodes",
]

[[package]]
name = "lepton_opcodes"
version = "2.2.0"

[[package]]
name = "lepton_std"
version = "2.2.1"
dependencies = [
 "lepton_image",
 "lepton_vm",
]

[[package]]
name = "lepton_vm"
version = "3.3.0"
dependencies = [
 "lepton_image",
 "lepton_opcodes",
]
