# This file is automatically @generated by Cargo.
# It is not intended for manual editing.
version = 4

[[package]]
name = "lepton3"
version = "9.1.0"
dependencies = [
 "lepton_image",
 "lepton_opcodes",
 "lepton_vm",
]

[[package]]
name = "lepton_image"
version = "2.3.0"
dependencies = [
 "lepton_opcodes",
]

[[package]]
name = "lepton_opcodes"
version = "3.0.0"

[[package]]
name = "lepton_std"
version = "2.4.2"
dependencies = [
 "lepton_image",
 "lepton_vm",
]

[[package]]
name = "lepton_vm"
version = "9.1.0"
dependencies = [
 "lepton_image",
 "lepton_opcodes",
]
